
Microsoft Visual Studio Solution File, Format Version 12.00
# Visual Studio Version 16
VisualStudioVersion = 16.0.28729.10
MinimumVisualStudioVersion = 10.0.40219.1
Project("{6EC3EE1D-3C4E-46DD-8F32-0CC8E7565705}") = "Mille-Feuille.Fs", "Mille-Feuille.Fs\Mille-Feuille.Fs.fsproj", "{F0694096-423D-4328-AB20-CEF9052B2F31}"
EndProject
Project("{9A19103F-16F7-4668-BE54-9A1E7A4F7556}") = "Mille-Feuille", "Mille-Feuille.Core\Mille-Feuille.csproj", "{73984409-A0FE-476E-99F2-61BE570A752F}"
EndProject
Project("{6EC3EE1D-3C4E-46DD-8F32-0CC8E7565705}") = "Mille-Feuille.Example", "Mille-Feuille.Example\Mille-Feuille.Example.fsproj", "{CBD7A32F-7435-400B-922E-A89684CBA30A}"
EndProject
Project("{9A19103F-16F7-4668-BE54-9A1E7A4F7556}") = "Mille-Feuille.Example.Cs", "Mille-Feuille.Example.Cs\Mille-Feuille.Example.Cs.csproj", "{CC84FE44-89A7-4BB8-B01C-8FDE8E53C89E}"
EndProject
Project("{6EC3EE1D-3C4E-46DD-8F32-0CC8E7565705}") = "Affogato", "..\..\Affogato\src\Affogato\Affogato.fsproj", "{146FC9E3-90A4-4C31-A9C1-3B8E84BF5BBB}"
EndProject
Project("{6EC3EE1D-3C4E-46DD-8F32-0CC8E7565705}") = "Tart.Helper", "..\..\Tart\src\Tart.Helper\Tart.Helper.fsproj", "{90FE8A1E-F512-4D6B-B203-3BE3C6034C62}"
EndProject
Project("{6EC3EE1D-3C4E-46DD-8F32-0CC8E7565705}") = "Tart.Core", "..\..\Tart\src\Tart.Core\Tart.Core.fsproj", "{B64C70AC-85D6-4FA3-B0B3-13E1109F2468}"
EndProject
Project("{2150E333-8FDC-42A3-9474-1A3956D46DE8}") = "Solution Items", "Solution Items", "{6E16CDAD-1706-47A5-BD9B-B806566FA6C8}"
	ProjectSection(SolutionItems) = preProject
		..\README.md = ..\README.md
	EndProjectSection
EndProject
Global
	GlobalSection(SolutionConfigurationPlatforms) = preSolution
		Debug|Any CPU = Debug|Any CPU
		Debug|x86 = Debug|x86
		Release|Any CPU = Release|Any CPU
		Release|x86 = Release|x86
	EndGlobalSection
	GlobalSection(ProjectConfigurationPlatforms) = postSolution
		{F0694096-423D-4328-AB20-CEF9052B2F31}.Debug|Any CPU.ActiveCfg = Debug|Any CPU
		{F0694096-423D-4328-AB20-CEF9052B2F31}.Debug|Any CPU.Build.0 = Debug|Any CPU
		{F0694096-423D-4328-AB20-CEF9052B2F31}.Debug|x86.ActiveCfg = Debug|Any CPU
		{F0694096-423D-4328-AB20-CEF9052B2F31}.Debug|x86.Build.0 = Debug|Any CPU
		{F0694096-423D-4328-AB20-CEF9052B2F31}.Release|Any CPU.ActiveCfg = Release|Any CPU
		{F0694096-423D-4328-AB20-CEF9052B2F31}.Release|Any CPU.Build.0 = Release|Any CPU
		{F0694096-423D-4328-AB20-CEF9052B2F31}.Release|x86.ActiveCfg = Release|Any CPU
		{F0694096-423D-4328-AB20-CEF9052B2F31}.Release|x86.Build.0 = Release|Any CPU
		{73984409-A0FE-476E-99F2-61BE570A752F}.Debug|Any CPU.ActiveCfg = Debug|Any CPU
		{73984409-A0FE-476E-99F2-61BE570A752F}.Debug|Any CPU.Build.0 = Debug|Any CPU
		{73984409-A0FE-476E-99F2-61BE570A752F}.Debug|x86.ActiveCfg = Debug|Any CPU
		{73984409-A0FE-476E-99F2-61BE570A752F}.Debug|x86.Build.0 = Debug|Any CPU
		{73984409-A0FE-476E-99F2-61BE570A752F}.Release|Any CPU.ActiveCfg = Release|Any CPU
		{73984409-A0FE-476E-99F2-61BE570A752F}.Release|Any CPU.Build.0 = Release|Any CPU
		{73984409-A0FE-476E-99F2-61BE570A752F}.Release|x86.ActiveCfg = Release|Any CPU
		{73984409-A0FE-476E-99F2-61BE570A752F}.Release|x86.Build.0 = Release|Any CPU
		{CBD7A32F-7435-400B-922E-A89684CBA30A}.Debug|Any CPU.ActiveCfg = Debug|Any CPU
		{CBD7A32F-7435-400B-922E-A89684CBA30A}.Debug|Any CPU.Build.0 = Debug|Any CPU
		{CBD7A32F-7435-400B-922E-A89684CBA30A}.Debug|x86.ActiveCfg = Debug|Any CPU
		{CBD7A32F-7435-400B-922E-A89684CBA30A}.Debug|x86.Build.0 = Debug|Any CPU
		{CBD7A32F-7435-400B-922E-A89684CBA30A}.Release|Any CPU.ActiveCfg = Release|Any CPU
		{CBD7A32F-7435-400B-922E-A89684CBA30A}.Release|Any CPU.Build.0 = Release|Any CPU
		{CBD7A32F-7435-400B-922E-A89684CBA30A}.Release|x86.ActiveCfg = Release|Any CPU
		{CBD7A32F-7435-400B-922E-A89684CBA30A}.Release|x86.Build.0 = Release|Any CPU
		{CC84FE44-89A7-4BB8-B01C-8FDE8E53C89E}.Debug|Any CPU.ActiveCfg = Debug|Any CPU
		{CC84FE44-89A7-4BB8-B01C-8FDE8E53C89E}.Debug|Any CPU.Build.0 = Debug|Any CPU
		{CC84FE44-89A7-4BB8-B01C-8FDE8E53C89E}.Debug|x86.ActiveCfg = Debug|Any CPU
		{CC84FE44-89A7-4BB8-B01C-8FDE8E53C89E}.Debug|x86.Build.0 = Debug|Any CPU
		{CC84FE44-89A7-4BB8-B01C-8FDE8E53C89E}.Release|Any CPU.ActiveCfg = Release|Any CPU
		{CC84FE44-89A7-4BB8-B01C-8FDE8E53C89E}.Release|Any CPU.Build.0 = Release|Any CPU
		{CC84FE44-89A7-4BB8-B01C-8FDE8E53C89E}.Release|x86.ActiveCfg = Release|Any CPU
		{CC84FE44-89A7-4BB8-B01C-8FDE8E53C89E}.Release|x86.Build.0 = Release|Any CPU
		{146FC9E3-90A4-4C31-A9C1-3B8E84BF5BBB}.Debug|Any CPU.ActiveCfg = Debug|Any CPU
		{146FC9E3-90A4-4C31-A9C1-3B8E84BF5BBB}.Debug|Any CPU.Build.0 = Debug|Any CPU
		{146FC9E3-90A4-4C31-A9C1-3B8E84BF5BBB}.Debug|x86.ActiveCfg = Debug|Any CPU
		{146FC9E3-90A4-4C31-A9C1-3B8E84BF5BBB}.Debug|x86.Build.0 = Debug|Any CPU
		{146FC9E3-90A4-4C31-A9C1-3B8E84BF5BBB}.Release|Any CPU.ActiveCfg = Release|Any CPU
		{146FC9E3-90A4-4C31-A9C1-3B8E84BF5BBB}.Release|Any CPU.Build.0 = Release|Any CPU
		{146FC9E3-90A4-4C31-A9C1-3B8E84BF5BBB}.Release|x86.ActiveCfg = Release|Any CPU
		{146FC9E3-90A4-4C31-A9C1-3B8E84BF5BBB}.Release|x86.Build.0 = Release|Any CPU
		{90FE8A1E-F512-4D6B-B203-3BE3C6034C62}.Debug|Any CPU.ActiveCfg = Debug|Any CPU
		{90FE8A1E-F512-4D6B-B203-3BE3C6034C62}.Debug|Any CPU.Build.0 = Debug|Any CPU
		{90FE8A1E-F512-4D6B-B203-3BE3C6034C62}.Debug|x86.ActiveCfg = Debug|Any CPU
		{90FE8A1E-F512-4D6B-B203-3BE3C6034C62}.Debug|x86.Build.0 = Debug|Any CPU
		{90FE8A1E-F512-4D6B-B203-3BE3C6034C62}.Release|Any CPU.ActiveCfg = Release|Any CPU
		{90FE8A1E-F512-4D6B-B203-3BE3C6034C62}.Release|Any CPU.Build.0 = Release|Any CPU
		{90FE8A1E-F512-4D6B-B203-3BE3C6034C62}.Release|x86.ActiveCfg = Release|Any CPU
		{90FE8A1E-F512-4D6B-B203-3BE3C6034C62}.Release|x86.Build.0 = Release|Any CPU
		{B64C70AC-85D6-4FA3-B0B3-13E1109F2468}.Debug|Any CPU.ActiveCfg = Debug|Any CPU
		{B64C70AC-85D6-4FA3-B0B3-13E1109F2468}.Debug|Any CPU.Build.0 = Debug|Any CPU
		{B64C70AC-85D6-4FA3-B0B3-13E1109F2468}.Debug|x86.ActiveCfg = Debug|Any CPU
		{B64C70AC-85D6-4FA3-B0B3-13E1109F2468}.Debug|x86.Build.0 = Debug|Any CPU
		{B64C70AC-85D6-4FA3-B0B3-13E1109F2468}.Release|Any CPU.ActiveCfg = Release|Any CPU
		{B64C70AC-85D6-4FA3-B0B3-13E1109F2468}.Release|Any CPU.Build.0 = Release|Any CPU
		{B64C70AC-85D6-4FA3-B0B3-13E1109F2468}.Release|x86.ActiveCfg = Release|Any CPU
		{B64C70AC-85D6-4FA3-B0B3-13E1109F2468}.Release|x86.Build.0 = Release|Any CPU
	EndGlobalSection
	GlobalSection(SolutionProperties) = preSolution
		HideSolutionNode = FALSE
	EndGlobalSection
	GlobalSection(ExtensibilityGlobals) = postSolution
		SolutionGuid = {3A1E5FFC-204D-416D-AF52-C9C3DF6C430E}
	EndGlobalSection
EndGlobal
